// !$*UTF8*$!
{
	archiveVersion = 1;
	classes = {
	};
	objectVersion = 77;
	objects = {

/* Begin PBXBuildFile section */
		01368DF8E74F692301ADDE06 /* PronunciationStore.swift in Sources */ = {isa = PBXBuildFile; fileRef = B1D5FB7E89C3609F414F7643 /* PronunciationStore.swift */; };
		05C2A578B2935C438DC485CE /* ConfigureWidgetIntent.swift in Sources */ = {isa = PBXBuildFile; fileRef = A316186A688B14ED5330554F /* ConfigureWidgetIntent.swift */; };
		38418DB10920E7E7FAE71E0A /* PronunciationStore.swift in Sources */ = {isa = PBXBuildFile; fileRef = B1D5FB7E89C3609F414F7643 /* PronunciationStore.swift */; };
		65404EB6329A55D8891042A6 /* SpeakWordIntent.swift in Sources */ = {isa = PBXBuildFile; fileRef = 280BB08313A5B5FE3C2956D7 /* SpeakWordIntent.swift */; };
		68A10057795B60CE3F0AC8F2 /* SwiftUI.framework in Frameworks */ = {isa = PBXBuildFile; fileRef = 6A9CEBEAFC0D13CF661A203A /* SwiftUI.framework */; };
		73709E06A930377D58253A70 /* WordWidget.swift in Sources */ = {isa = PBXBuildFile; fileRef = E3CF9FB97780BBA8E3573D95 /* WordWidget.swift */; };
		78889DD50FCDBCAF9E9C598D /* WordWidget.appex in Embed Foundation Extensions */ = {isa = PBXBuildFile; fileRef = 8D6990AF4BA915BC63EE9D01 /* WordWidget.appex */; settings = {ATTRIBUTES = (RemoveHeadersOnCopy, ); }; };
		A9D9A1BCF980ADAFE4619673 /* SharedStore.swift in Sources */ = {isa = PBXBuildFile; fileRef = 75962387C854DCBE4BB818B6 /* SharedStore.swift */; };
		B2DF8115A449EDCA6869E547 /* WidgetKit.framework in Frameworks */ = {isa = PBXBuildFile; fileRef = 0C19C1BD92FD04CFFF641E7B /* WidgetKit.framework */; };
		B6AC2EC53E1D117A04BDBBD5 /* SharedStore.swift in Sources */ = {isa = PBXBuildFile; fileRef = 75962387C854DCBE4BB818B6 /* SharedStore.swift */; };
		C7D1EE739FA685546A954DBF /* SpeakWordIntent.swift in Sources */ = {isa = PBXBuildFile; fileRef = 280BB08313A5B5FE3C2956D7 /* SpeakWordIntent.swift */; };
		D516D01900CAB124905BA756 /* Foundation.framework in Frameworks */ = {isa = PBXBuildFile; fileRef = EE3FC279DAF85C3E88CA60D4 /* Foundation.framework */; };
		E14DA9D69D8183C83B9483F6 /* llama.xcframework in Frameworks */ = {isa = PBXBuildFile; fileRef = 3CC6B2AE01341910DCB0828A /* llama.xcframework */; };
		F991B3911C7E8A5E943E74FF /* llama.xcframework in Embed Frameworks */ = {isa = PBXBuildFile; fileRef = 3CC6B2AE01341910DCB0828A /* llama.xcframework */; settings = {ATTRIBUTES = (CodeSignOnCopy, RemoveHeadersOnCopy, ); }; };
/* End PBXBuildFile section */

/* Begin PBXContainerItemProxy section */
		63F5F83245DF2DD078E83AFC /* PBXContainerItemProxy */ = {
			isa = PBXContainerItemProxy;
			containerPortal = 2C09133187883CB7339ADBCE /* Project object */;
			proxyType = 1;
			remoteGlobalIDString = 001D64E0AACD6460AAC81002;
			remoteInfo = WordWidget;
		};
/* End PBXContainerItemProxy section */

/* Begin PBXCopyFilesBuildPhase section */
		887E4C9251EF482FD37DA26D /* Embed Frameworks */ = {
			isa = PBXCopyFilesBuildPhase;
			buildActionMask = 2147483647;
			dstPath = "";
			dstSubfolderSpec = 10;
			files = (
				F991B3911C7E8A5E943E74FF /* llama.xcframework in Embed Frameworks */,
			);
			name = "Embed Frameworks";
			runOnlyForDeploymentPostprocessing = 0;
		};
		F5AD676BCF64291733FAEA7A /* Embed Foundation Extensions */ = {
			isa = PBXCopyFilesBuildPhase;
			buildActionMask = 2147483647;
			dstPath = "";
			dstSubfolderSpec = 13;
			files = (
				78889DD50FCDBCAF9E9C598D /* WordWidget.appex in Embed Foundation Extensions */,
			);
			name = "Embed Foundation Extensions";
			runOnlyForDeploymentPostprocessing = 0;
		};
/* End PBXCopyFilesBuildPhase section */

/* Begin PBXFileReference section */
		0C19C1BD92FD04CFFF641E7B /* WidgetKit.framework */ = {isa = PBXFileReference; lastKnownFileType = wrapper.framework; name = WidgetKit.framework; path = Platforms/iPhoneOS.platform/Developer/SDKs/iPhoneOS26.0.sdk/System/Library/Frameworks/WidgetKit.framework; sourceTree = DEVELOPER_DIR; };
		280BB08313A5B5FE3C2956D7 /* SpeakWordIntent.swift */ = {isa = PBXFileReference; includeInIndex = 1; lastKnownFileType = sourcecode.swift; name = SpeakWordIntent.swift; path = WordWidget/SpeakWordIntent.swift; sourceTree = "<group>"; };
		3CC6B2AE01341910DCB0828A /* llama.xcframework */ = {isa = PBXFileReference; includeInIndex = 1; name = llama.xcframework; path = Frameworks/llama.xcframework; sourceTree = "<group>"; };
		6A9CEBEAFC0D13CF661A203A /* SwiftUI.framework */ = {isa = PBXFileReference; lastKnownFileType = wrapper.framework; name = SwiftUI.framework; path = Platforms/iPhoneOS.platform/Developer/SDKs/iPhoneOS26.0.sdk/System/Library/Frameworks/SwiftUI.framework; sourceTree = DEVELOPER_DIR; };
		75962387C854DCBE4BB818B6 /* SharedStore.swift */ = {isa = PBXFileReference; includeInIndex = 1; lastKnownFileType = sourcecode.swift; name = SharedStore.swift; path = Shared/SharedStore.swift; sourceTree = "<group>"; };
		7E2110423ED6C73033A4CEE1 /* designer_kmp_template.app */ = {isa = PBXFileReference; explicitFileType = wrapper.application; includeInIndex = 0; path = designer_kmp_template.app; sourceTree = BUILT_PRODUCTS_DIR; };
		8D6990AF4BA915BC63EE9D01 /* WordWidget.appex */ = {isa = PBXFileReference; explicitFileType = "wrapper.app-extension"; includeInIndex = 0; path = WordWidget.appex; sourceTree = BUILT_PRODUCTS_DIR; };
		9F1330D6229DC6A25CA10A07 /* WordWidget.entitlements */ = {isa = PBXFileReference; includeInIndex = 1; lastKnownFileType = text.plist.entitlements; name = WordWidget.entitlements; path = WordWidget/WordWidget.entitlements; sourceTree = "<group>"; };
		A316186A688B14ED5330554F /* ConfigureWidgetIntent.swift */ = {isa = PBXFileReference; includeInIndex = 1; lastKnownFileType = sourcecode.swift; name = ConfigureWidgetIntent.swift; path = WordWidget/ConfigureWidgetIntent.swift; sourceTree = "<group>"; };
		B1D5FB7E89C3609F414F7643 /* PronunciationStore.swift */ = {isa = PBXFileReference; includeInIndex = 1; lastKnownFileType = sourcecode.swift; name = PronunciationStore.swift; path = Shared/PronunciationStore.swift; sourceTree = "<group>"; };
		E3CF9FB97780BBA8E3573D95 /* WordWidget.swift */ = {isa = PBXFileReference; includeInIndex = 1; lastKnownFileType = sourcecode.swift; name = WordWidget.swift; path = WordWidget/WordWidget.swift; sourceTree = "<group>"; };
		EE3FC279DAF85C3E88CA60D4 /* Foundation.framework */ = {isa = PBXFileReference; lastKnownFileType = wrapper.framework; name = Foundation.framework; path = Platforms/iPhoneOS.platform/Developer/SDKs/iPhoneOS26.0.sdk/System/Library/Frameworks/Foundation.framework; sourceTree = DEVELOPER_DIR; };
		F13581BF201DDE2230CC1158 /* Info.plist */ = {isa = PBXFileReference; includeInIndex = 1; lastKnownFileType = text.plist.xml; name = Info.plist; path = WordWidget/Info.plist; sourceTree = "<group>"; };
/* End PBXFileReference section */

/* Begin PBXFileSystemSynchronizedBuildFileExceptionSet section */
		ED3D9E456A35E55BA7C54AD4 /* Exceptions for "iosApp" folder in "iosApp" target */ = {
			isa = PBXFileSystemSynchronizedBuildFileExceptionSet;
			membershipExceptions = (
				Info.plist,
			);
			target = 35CCC8373D64C291D130EBAD /* iosApp */;
		};
/* End PBXFileSystemSynchronizedBuildFileExceptionSet section */

/* Begin PBXFileSystemSynchronizedRootGroup section */
		2A2095C9E396D49AE2616CD7 /* Configuration */ = {
			isa = PBXFileSystemSynchronizedRootGroup;
			exceptions = (
			);
			path = Configuration;
			sourceTree = "<group>";
		};
		E52264F887F6ABE3391D070A /* iosApp */ = {
			isa = PBXFileSystemSynchronizedRootGroup;
			exceptions = (
				ED3D9E456A35E55BA7C54AD4 /* Exceptions for "iosApp" folder in "iosApp" target */,
			);
			path = iosApp;
			sourceTree = "<group>";
		};
/* End PBXFileSystemSynchronizedRootGroup section */

/* Begin PBXFrameworksBuildPhase section */
		1809354F587DD027B9A7E5E4 /* Frameworks */ = {
			isa = PBXFrameworksBuildPhase;
			buildActionMask = 2147483647;
			files = (
				E14DA9D69D8183C83B9483F6 /* llama.xcframework in Frameworks */,
			);
			runOnlyForDeploymentPostprocessing = 0;
		};
		9CC00A14B96F7E008AD55DDD /* Frameworks */ = {
			isa = PBXFrameworksBuildPhase;
			buildActionMask = 2147483647;
			files = (
				D516D01900CAB124905BA756 /* Foundation.framework in Frameworks */,
				B2DF8115A449EDCA6869E547 /* WidgetKit.framework in Frameworks */,
				68A10057795B60CE3F0AC8F2 /* SwiftUI.framework in Frameworks */,
			);
			runOnlyForDeploymentPostprocessing = 0;
		};
/* End PBXFrameworksBuildPhase section */

/* Begin PBXGroup section */
		383ABF9EDC5865BB91ABBE1D /* iOS */ = {
			isa = PBXGroup;
			children = (
				EE3FC279DAF85C3E88CA60D4 /* Foundation.framework */,
				0C19C1BD92FD04CFFF641E7B /* WidgetKit.framework */,
				6A9CEBEAFC0D13CF661A203A /* SwiftUI.framework */,
			);
			name = iOS;
			sourceTree = "<group>";
		};
		55741F412E7806FED64D0F0F = {
			isa = PBXGroup;
			children = (
				2A2095C9E396D49AE2616CD7 /* Configuration */,
				E52264F887F6ABE3391D070A /* iosApp */,
				977BE294FE898FBA35B3561A /* Products */,
				DB2A621758ECBFD0A1FFA200 /* WordWidget */,
				D090BC18461833C0DF5F215D /* Shared */,
				C78C7EB3F1ADF9EC2BED2C73 /* Frameworks */,
			);
			sourceTree = "<group>";
		};
		977BE294FE898FBA35B3561A /* Products */ = {
			isa = PBXGroup;
			children = (
				7E2110423ED6C73033A4CEE1 /* designer_kmp_template.app */,
				8D6990AF4BA915BC63EE9D01 /* WordWidget.appex */,
			);
			name = Products;
			sourceTree = "<group>";
		};
		C78C7EB3F1ADF9EC2BED2C73 /* Frameworks */ = {
			isa = PBXGroup;
			children = (
				383ABF9EDC5865BB91ABBE1D /* iOS */,
				3CC6B2AE01341910DCB0828A /* llama.xcframework */,
			);
			name = Frameworks;
			sourceTree = "<group>";
		};
		D090BC18461833C0DF5F215D /* Shared */ = {
			isa = PBXGroup;
			children = (
				75962387C854DCBE4BB818B6 /* SharedStore.swift */,
				B1D5FB7E89C3609F414F7643 /* PronunciationStore.swift */,
			);
			name = Shared;
			sourceTree = "<group>";
		};
		DB2A621758ECBFD0A1FFA200 /* WordWidget */ = {
			isa = PBXGroup;
			children = (
				E3CF9FB97780BBA8E3573D95 /* WordWidget.swift */,
				F13581BF201DDE2230CC1158 /* Info.plist */,
				9F1330D6229DC6A25CA10A07 /* WordWidget.entitlements */,
				A316186A688B14ED5330554F /* ConfigureWidgetIntent.swift */,
				280BB08313A5B5FE3C2956D7 /* SpeakWordIntent.swift */,
			);
			name = WordWidget;
			sourceTree = "<group>";
		};
/* End PBXGroup section */

/* Begin PBXNativeTarget section */
		001D64E0AACD6460AAC81002 /* WordWidget */ = {
			isa = PBXNativeTarget;
			buildConfigurationList = C4D1EB1F250A3EEDF0A0829C /* Build configuration list for PBXNativeTarget "WordWidget" */;
			buildPhases = (
				A32426E728E8C5D61C94F65D /* Sources */,
				9CC00A14B96F7E008AD55DDD /* Frameworks */,
				42663E4D50C1AD55802D9FE5 /* Resources */,
			);
			buildRules = (
			);
			dependencies = (
			);
			name = WordWidget;
			productName = WordWidget;
			productReference = 8D6990AF4BA915BC63EE9D01 /* WordWidget.appex */;
			productType = "com.apple.product-type.app-extension";
		};
		35CCC8373D64C291D130EBAD /* iosApp */ = {
			isa = PBXNativeTarget;
			buildConfigurationList = 705BD438BD5A63C3C7C1730B /* Build configuration list for PBXNativeTarget "iosApp" */;
			buildPhases = (
				06D2B847FB089AD4826E70F8 /* Compile Kotlin Framework */,
				1D96681EB14B7F91CA70DB61 /* Sources */,
				1809354F587DD027B9A7E5E4 /* Frameworks */,
				655B99650104C32B388AD06B /* Resources */,
				F5AD676BCF64291733FAEA7A /* Embed Foundation Extensions */,
				887E4C9251EF482FD37DA26D /* Embed Frameworks */,
			);
			buildRules = (
			);
			dependencies = (
				8156D4F55B86C807BC6957AD /* PBXTargetDependency */,
			);
			fileSystemSynchronizedGroups = (
				E52264F887F6ABE3391D070A /* iosApp */,
			);
			name = iosApp;
			productName = iosApp;
			productReference = 7E2110423ED6C73033A4CEE1 /* designer_kmp_template.app */;
			productType = "com.apple.product-type.application";
		};
/* End PBXNativeTarget section */

/* Begin PBXProject section */
		2C09133187883CB7339ADBCE /* Project object */ = {
			isa = PBXProject;
			attributes = {
				BuildIndependentTargetsInParallel = 1;
				LastSwiftUpdateCheck = 1620;
				LastUpgradeCheck = 1620;
				TargetAttributes = {
					35CCC8373D64C291D130EBAD = {
						CreatedOnToolsVersion = 16.2;
					};
				};
			};
			buildConfigurationList = 52631029CC5715AC8E9C5CC9 /* Build configuration list for PBXProject "iosApp" */;
			developmentRegion = en;
			hasScannedForEncodings = 0;
			knownRegions = (
				en,
				Base,
			);
			mainGroup = 55741F412E7806FED64D0F0F;
			minimizedProjectReferenceProxies = 1;
			preferredProjectObjectVersion = 77;
			productRefGroup = 977BE294FE898FBA35B3561A /* Products */;
			projectDirPath = "";
			projectRoot = "";
			targets = (
				35CCC8373D64C291D130EBAD /* iosApp */,
				001D64E0AACD6460AAC81002 /* WordWidget */,
			);
		};
/* End PBXProject section */

/* Begin PBXResourcesBuildPhase section */
		42663E4D50C1AD55802D9FE5 /* Resources */ = {
			isa = PBXResourcesBuildPhase;
			buildActionMask = 2147483647;
			files = (
			);
			runOnlyForDeploymentPostprocessing = 0;
		};
		655B99650104C32B388AD06B /* Resources */ = {
			isa = PBXResourcesBuildPhase;
			buildActionMask = 2147483647;
			files = (
			);
			runOnlyForDeploymentPostprocessing = 0;
		};
/* End PBXResourcesBuildPhase section */

/* Begin PBXShellScriptBuildPhase section */
		06D2B847FB089AD4826E70F8 /* Compile Kotlin Framework */ = {
			isa = PBXShellScriptBuildPhase;
			alwaysOutOfDate = 1;
			buildActionMask = 2147483647;
			files = (
			);
			inputFileListPaths = (
			);
			inputPaths = (
			);
			name = "Compile Kotlin Framework";
			outputFileListPaths = (
			);
			outputPaths = (
			);
			runOnlyForDeploymentPostprocessing = 0;
			shellPath = /bin/sh;
			shellScript = "if [ \"YES\" = \"$OVERRIDE_KOTLIN_BUILD_IDE_SUPPORTED\" ]; then\n  echo \"Skipping Gradle build task invocation due to OVERRIDE_KOTLIN_BUILD_IDE_SUPPORTED environment variable set to \\\"YES\\\"\"\n  exit 0\nfi\ncd \"$SRCROOT/..\"\n./gradlew :composeApp:embedAndSignAppleFrameworkForXcode\n";
		};
/* End PBXShellScriptBuildPhase section */

/* Begin PBXSourcesBuildPhase section */
		1D96681EB14B7F91CA70DB61 /* Sources */ = {
			isa = PBXSourcesBuildPhase;
			buildActionMask = 2147483647;
			files = (
				A9D9A1BCF980ADAFE4619673 /* SharedStore.swift in Sources */,
				C7D1EE739FA685546A954DBF /* SpeakWordIntent.swift in Sources */,
				38418DB10920E7E7FAE71E0A /* PronunciationStore.swift in Sources */,
			);
			runOnlyForDeploymentPostprocessing = 0;
		};
		A32426E728E8C5D61C94F65D /* Sources */ = {
			isa = PBXSourcesBuildPhase;
			buildActionMask = 2147483647;
			files = (
				73709E06A930377D58253A70 /* WordWidget.swift in Sources */,
				B6AC2EC53E1D117A04BDBBD5 /* SharedStore.swift in Sources */,
				05C2A578B2935C438DC485CE /* ConfigureWidgetIntent.swift in Sources */,
				65404EB6329A55D8891042A6 /* SpeakWordIntent.swift in Sources */,
				01368DF8E74F692301ADDE06 /* PronunciationStore.swift in Sources */,
			);
			runOnlyForDeploymentPostprocessing = 0;
		};
/* End PBXSourcesBuildPhase section */

/* Begin PBXTargetDependency section */
		8156D4F55B86C807BC6957AD /* PBXTargetDependency */ = {
			isa = PBXTargetDependency;
			name = WordWidget;
			target = 001D64E0AACD6460AAC81002 /* WordWidget */;
			targetProxy = 63F5F83245DF2DD078E83AFC /* PBXContainerItemProxy */;
		};
/* End PBXTargetDependency section */

/* Begin XCBuildConfiguration section */
		0C193B1BD699A90ABA9B5C90 /* Debug */ = {
			isa = XCBuildConfiguration;
			baseConfigurationReferenceAnchor = 2A2095C9E396D49AE2616CD7 /* Configuration */;
			baseConfigurationReferenceRelativePath = Config.xcconfig;
			buildSettings = {
				ALWAYS_SEARCH_USER_PATHS = NO;
				ASSETCATALOG_COMPILER_GENERATE_SWIFT_ASSET_SYMBOL_EXTENSIONS = YES;
				CLANG_ANALYZER_NONNULL = YES;
				CLANG_ANALYZER_NUMBER_OBJECT_CONVERSION = YES_AGGRESSIVE;
				CLANG_CXX_LANGUAGE_STANDARD = "gnu++20";
				CLANG_ENABLE_MODULES = YES;
				CLANG_ENABLE_OBJC_ARC = YES;
				CLANG_ENABLE_OBJC_WEAK = YES;
				CLANG_WARN_BLOCK_CAPTURE_AUTORELEASING = YES;
				CLANG_WARN_BOOL_CONVERSION = YES;
				CLANG_WARN_COMMA = YES;
				CLANG_WARN_CONSTANT_CONVERSION = YES;
				CLANG_WARN_DEPRECATED_OBJC_IMPLEMENTATIONS = YES;
				CLANG_WARN_DIRECT_OBJC_ISA_USAGE = YES_ERROR;
				CLANG_WARN_DOCUMENTATION_COMMENTS = YES;
				CLANG_WARN_EMPTY_BODY = YES;
				CLANG_WARN_ENUM_CONVERSION = YES;
				CLANG_WARN_INFINITE_RECURSION = YES;
				CLANG_WARN_INT_CONVERSION = YES;
				CLANG_WARN_NON_LITERAL_NULL_CONVERSION = YES;
				CLANG_WARN_OBJC_IMPLICIT_RETAIN_SELF = YES;
				CLANG_WARN_OBJC_LITERAL_CONVERSION = YES;
				CLANG_WARN_OBJC_ROOT_CLASS = YES_ERROR;
				CLANG_WARN_QUOTED_INCLUDE_IN_FRAMEWORK_HEADER = YES;
				CLANG_WARN_RANGE_LOOP_ANALYSIS = YES;
				CLANG_WARN_STRICT_PROTOTYPES = YES;
				CLANG_WARN_SUSPICIOUS_MOVE = YES;
				CLANG_WARN_UNGUARDED_AVAILABILITY = YES_AGGRESSIVE;
				CLANG_WARN_UNREACHABLE_CODE = YES;
				CLANG_WARN__DUPLICATE_METHOD_MATCH = YES;
				COPY_PHASE_STRIP = NO;
				DEBUG_INFORMATION_FORMAT = dwarf;
				ENABLE_STRICT_OBJC_MSGSEND = YES;
				ENABLE_TESTABILITY = YES;
				ENABLE_USER_SCRIPT_SANDBOXING = NO;
				GCC_C_LANGUAGE_STANDARD = gnu17;
				GCC_DYNAMIC_NO_PIC = NO;
				GCC_NO_COMMON_BLOCKS = YES;
				GCC_OPTIMIZATION_LEVEL = 0;
				GCC_PREPROCESSOR_DEFINITIONS = (
					"DEBUG=1",
					"$(inherited)",
				);
				GCC_WARN_64_TO_32_BIT_CONVERSION = YES;
				GCC_WARN_ABOUT_RETURN_TYPE = YES_ERROR;
				GCC_WARN_UNDECLARED_SELECTOR = YES;
				GCC_WARN_UNINITIALIZED_AUTOS = YES_AGGRESSIVE;
				GCC_WARN_UNUSED_FUNCTION = YES;
				GCC_WARN_UNUSED_VARIABLE = YES;
				IPHONEOS_DEPLOYMENT_TARGET = 18.2;
				LOCALIZATION_PREFERS_STRING_CATALOGS = YES;
				MTL_ENABLE_DEBUG_INFO = INCLUDE_SOURCE;
				MTL_FAST_MATH = YES;
				ONLY_ACTIVE_ARCH = YES;
				SDKROOT = iphoneos;
				SWIFT_ACTIVE_COMPILATION_CONDITIONS = "DEBUG $(inherited)";
				SWIFT_OPTIMIZATION_LEVEL = "-Onone";
			};
			name = Debug;
		};
		4FF2B48730BB55722F430AC1 /* Release */ = {
			isa = XCBuildConfiguration;
			baseConfigurationReferenceAnchor = 2A2095C9E396D49AE2616CD7 /* Configuration */;
			baseConfigurationReferenceRelativePath = Config.xcconfig;
			buildSettings = {
				ALWAYS_SEARCH_USER_PATHS = NO;
				ASSETCATALOG_COMPILER_GENERATE_SWIFT_ASSET_SYMBOL_EXTENSIONS = YES;
				CLANG_ANALYZER_NONNULL = YES;
				CLANG_ANALYZER_NUMBER_OBJECT_CONVERSION = YES_AGGRESSIVE;
				CLANG_CXX_LANGUAGE_STANDARD = "gnu++20";
				CLANG_ENABLE_MODULES = YES;
				CLANG_ENABLE_OBJC_ARC = YES;
				CLANG_ENABLE_OBJC_WEAK = YES;
				CLANG_WARN_BLOCK_CAPTURE_AUTORELEASING = YES;
				CLANG_WARN_BOOL_CONVERSION = YES;
				CLANG_WARN_COMMA = YES;
				CLANG_WARN_CONSTANT_CONVERSION = YES;
				CLANG_WARN_DEPRECATED_OBJC_IMPLEMENTATIONS = YES;
				CLANG_WARN_DIRECT_OBJC_ISA_USAGE = YES_ERROR;
				CLANG_WARN_DOCUMENTATION_COMMENTS = YES;
				CLANG_WARN_EMPTY_BODY = YES;
				CLANG_WARN_ENUM_CONVERSION = YES;
				CLANG_WARN_INFINITE_RECURSION = YES;
				CLANG_WARN_INT_CONVERSION = YES;
				CLANG_WARN_NON_LITERAL_NULL_CONVERSION = YES;
				CLANG_WARN_OBJC_IMPLICIT_RETAIN_SELF = YES;
				CLANG_WARN_OBJC_LITERAL_CONVERSION = YES;
				CLANG_WARN_OBJC_ROOT_CLASS = YES_ERROR;
				CLANG_WARN_QUOTED_INCLUDE_IN_FRAMEWORK_HEADER = YES;
				CLANG_WARN_RANGE_LOOP_ANALYSIS = YES;
				CLANG_WARN_STRICT_PROTOTYPES = YES;
				CLANG_WARN_SUSPICIOUS_MOVE = YES;
				CLANG_WARN_UNGUARDED_AVAILABILITY = YES_AGGRESSIVE;
				CLANG_WARN_UNREACHABLE_CODE = YES;
				CLANG_WARN__DUPLICATE_METHOD_MATCH = YES;
				COPY_PHASE_STRIP = NO;
				DEBUG_INFORMATION_FORMAT = "dwarf-with-dsym";
				ENABLE_NS_ASSERTIONS = NO;
				ENABLE_STRICT_OBJC_MSGSEND = YES;
				ENABLE_USER_SCRIPT_SANDBOXING = NO;
				GCC_C_LANGUAGE_STANDARD = gnu17;
				GCC_NO_COMMON_BLOCKS = YES;
				GCC_WARN_64_TO_32_BIT_CONVERSION = YES;
				GCC_WARN_ABOUT_RETURN_TYPE = YES_ERROR;
				GCC_WARN_UNDECLARED_SELECTOR = YES;
				GCC_WARN_UNINITIALIZED_AUTOS = YES_AGGRESSIVE;
				GCC_WARN_UNUSED_FUNCTION = YES;
				GCC_WARN_UNUSED_VARIABLE = YES;
				IPHONEOS_DEPLOYMENT_TARGET = 18.2;
				LOCALIZATION_PREFERS_STRING_CATALOGS = YES;
				MTL_ENABLE_DEBUG_INFO = NO;
				MTL_FAST_MATH = YES;
				SDKROOT = iphoneos;
				SWIFT_COMPILATION_MODE = wholemodule;
				VALIDATE_PRODUCT = YES;
			};
			name = Release;
		};
		8D1286ADECDD14F3CB52EBE0 /* Debug */ = {
			isa = XCBuildConfiguration;
			buildSettings = {
				ASSETCATALOG_COMPILER_GLOBAL_ACCENT_COLOR_NAME = AccentColor;
				CLANG_ENABLE_OBJC_WEAK = NO;
				CODE_SIGN_ENTITLEMENTS = WordWidget/WordWidget.entitlements;
				CODE_SIGN_STYLE = Automatic;
				GENERATE_INFOPLIST_FILE = YES;
				INFOPLIST_FILE = WordWidget/Info.plist;
				INFOPLIST_KEY_CFBundleDisplayName = "WORD WIDGET";
				IPHONEOS_DEPLOYMENT_TARGET = 18.2;
				PRODUCT_BUNDLE_IDENTIFIER = jp.co.tsuqrea.wordwidget.WordWidget;
				PRODUCT_NAME = WordWidget;
				SDKROOT = iphoneos;
				SKIP_INSTALL = YES;
				SWIFT_EMIT_LOC_STRINGS = YES;
				SWIFT_VERSION = 5.0;
				TARGETED_DEVICE_FAMILY = "1,2";
			};
			name = Debug;
		};
		C40E2B73ABDC8F6EAF4E9F49 /* Debug */ = {
			isa = XCBuildConfiguration;
			buildSettings = {
				ARCHS = arm64;
				ASSETCATALOG_COMPILER_APPICON_NAME = AppIcon;
				ASSETCATALOG_COMPILER_GLOBAL_ACCENT_COLOR_NAME = AccentColor;
				CODE_SIGN_ENTITLEMENTS = iosApp/iosApp.entitlements;
				CODE_SIGN_IDENTITY = "Apple Development";
				CODE_SIGN_STYLE = Automatic;
				DEVELOPMENT_ASSET_PATHS = "\"iosApp/Preview Content\"";
				DEVELOPMENT_TEAM = "${TEAM_ID}";
				ENABLE_PREVIEWS = YES;
				GENERATE_INFOPLIST_FILE = YES;
				INFOPLIST_FILE = iosApp/Info.plist;
				INFOPLIST_KEY_UIApplicationSceneManifest_Generation = YES;
				INFOPLIST_KEY_UIApplicationSupportsIndirectInputEvents = YES;
				INFOPLIST_KEY_UILaunchScreen_Generation = YES;
				INFOPLIST_KEY_UISupportedInterfaceOrientations_iPad = "UIInterfaceOrientationPortrait UIInterfaceOrientationPortraitUpsideDown UIInterfaceOrientationLandscapeLeft UIInterfaceOrientationLandscapeRight";
				INFOPLIST_KEY_UISupportedInterfaceOrientations_iPhone = "UIInterfaceOrientationPortrait UIInterfaceOrientationLandscapeLeft UIInterfaceOrientationLandscapeRight";
				LD_RUNPATH_SEARCH_PATHS = (
					"$(inherited)",
					"@executable_path/Frameworks",
				);
				SWIFT_EMIT_LOC_STRINGS = YES;
				SWIFT_VERSION = 5.0;
				TARGETED_DEVICE_FAMILY = "1,2";
			};
			name = Debug;
		};
		EA7D01233BB9D7CDFA6C237E /* Release */ = {
			isa = XCBuildConfiguration;
			buildSettings = {
				ASSETCATALOG_COMPILER_GLOBAL_ACCENT_COLOR_NAME = AccentColor;
				CLANG_ENABLE_OBJC_WEAK = NO;
				CODE_SIGN_ENTITLEMENTS = WordWidget/WordWidget.entitlements;
				CODE_SIGN_STYLE = Automatic;
				GENERATE_INFOPLIST_FILE = YES;
				INFOPLIST_FILE = WordWidget/Info.plist;
				INFOPLIST_KEY_CFBundleDisplayName = "WORD WIDGET";
				IPHONEOS_DEPLOYMENT_TARGET = 18.2;
				PRODUCT_BUNDLE_IDENTIFIER = jp.co.tsuqrea.wordwidget.WordWidget;
				PRODUCT_NAME = WordWidget;
				SDKROOT = iphoneos;
				SKIP_INSTALL = YES;
				SWIFT_EMIT_LOC_STRINGS = YES;
				SWIFT_VERSION = 5.0;
				TARGETED_DEVICE_FAMILY = "1,2";
				VALIDATE_PRODUCT = YES;
			};
			name = Release;
		};
		F829FA6C8C52F0DF64D7E4D5 /* Release */ = {
			isa = XCBuildConfiguration;
			buildSettings = {
				ARCHS = arm64;
				ASSETCATALOG_COMPILER_APPICON_NAME = AppIcon;
				ASSETCATALOG_COMPILER_GLOBAL_ACCENT_COLOR_NAME = AccentColor;
				CODE_SIGN_ENTITLEMENTS = iosApp/iosApp.entitlements;
				CODE_SIGN_IDENTITY = "Apple Development";
				CODE_SIGN_STYLE = Automatic;
				DEVELOPMENT_ASSET_PATHS = "\"iosApp/Preview Content\"";
				DEVELOPMENT_TEAM = "${TEAM_ID}";
				ENABLE_PREVIEWS = YES;
				GENERATE_INFOPLIST_FILE = YES;
				INFOPLIST_FILE = iosApp/Info.plist;
				INFOPLIST_KEY_UIApplicationSceneManifest_Generation = YES;
				INFOPLIST_KEY_UIApplicationSupportsIndirectInputEvents = YES;
				INFOPLIST_KEY_UILaunchScreen_Generation = YES;
				INFOPLIST_KEY_UISupportedInterfaceOrientations_iPad = "UIInterfaceOrientationPortrait UIInterfaceOrientationPortraitUpsideDown UIInterfaceOrientationLandscapeLeft UIInterfaceOrientationLandscapeRight";
				INFOPLIST_KEY_UISupportedInterfaceOrientations_iPhone = "UIInterfaceOrientationPortrait UIInterfaceOrientationLandscapeLeft UIInterfaceOrientationLandscapeRight";
				LD_RUNPATH_SEARCH_PATHS = (
					"$(inherited)",
					"@executable_path/Frameworks",
				);
				SWIFT_EMIT_LOC_STRINGS = YES;
				SWIFT_VERSION = 5.0;
				TARGETED_DEVICE_FAMILY = "1,2";
			};
			name = Release;
		};
/* End XCBuildConfiguration section */

/* Begin XCConfigurationList section */
		52631029CC5715AC8E9C5CC9 /* Build configuration list for PBXProject "iosApp" */ = {
			isa = XCConfigurationList;
			buildConfigurations = (
				0C193B1BD699A90ABA9B5C90 /* Debug */,
				4FF2B48730BB55722F430AC1 /* Release */,
			);
			defaultConfigurationIsVisible = 0;
			defaultConfigurationName = Release;
		};
		705BD438BD5A63C3C7C1730B /* Build configuration list for PBXNativeTarget "iosApp" */ = {
			isa = XCConfigurationList;
			buildConfigurations = (
				C40E2B73ABDC8F6EAF4E9F49 /* Debug */,
				F829FA6C8C52F0DF64D7E4D5 /* Release */,
			);
			defaultConfigurationIsVisible = 0;
			defaultConfigurationName = Release;
		};
		C4D1EB1F250A3EEDF0A0829C /* Build configuration list for PBXNativeTarget "WordWidget" */ = {
			isa = XCConfigurationList;
			buildConfigurations = (
				EA7D01233BB9D7CDFA6C237E /* Release */,
				8D1286ADECDD14F3CB52EBE0 /* Debug */,
			);
			defaultConfigurationIsVisible = 0;
			defaultConfigurationName = Release;
		};
/* End XCConfigurationList section */
	};
	rootObject = 2C09133187883CB7339ADBCE /* Project object */;
}
